
Microsoft Visual Studio Solution File, Format Version 12.00
# Visual Studio 15
VisualStudioVersion = 15.0.27130.2036
MinimumVisualStudioVersion = 10.0.40219.1
Project("{FAE04EC0-301F-11D3-BF4B-00C04F79EFBC}") = "dp2SIPServer", "dp2SIPServer.csproj", "{121A9867-D5DA-4324-8CAA-C7DFE82FEDEB}"
EndProject
Project("{FAE04EC0-301F-11D3-BF4B-00C04F79EFBC}") = "dp2SIPClient", "..\dp2SIPClient\dp2SIPClient.csproj", "{4D15BD5A-1042-4246-AFA0-7962E9E1B840}"
EndProject
Project("{FAE04EC0-301F-11D3-BF4B-00C04F79EFBC}") = "DigitalPlatform.SIP2", "..\DigitalPlatform.SIP2\DigitalPlatform.SIP2.csproj", "{B69729CE-4797-4706-8A2F-823ED24A0AEC}"
EndProject
Project("{FAE04EC0-301F-11D3-BF4B-00C04F79EFBC}") = "dp2SIPService", "..\dp2SIPService\dp2SIPService.csproj", "{AC8F9756-DCEB-4E50-B9AA-80FBAC93EAC5}"
EndProject
Global
	GlobalSection(SolutionConfigurationPlatforms) = preSolution
		Debug|Any CPU = Debug|Any CPU
		Debug|x86 = Debug|x86
		Release|Any CPU = Release|Any CPU
		Release|x86 = Release|x86
	EndGlobalSection
	GlobalSection(ProjectConfigurationPlatforms) = postSolution
		{121A9867-D5DA-4324-8CAA-C7DFE82FEDEB}.Debug|Any CPU.ActiveCfg = Debug|Any CPU
		{121A9867-D5DA-4324-8CAA-C7DFE82FEDEB}.Debug|Any CPU.Build.0 = Debug|Any CPU
		{121A9867-D5DA-4324-8CAA-C7DFE82FEDEB}.Debug|x86.ActiveCfg = Debug|Any CPU
		{121A9867-D5DA-4324-8CAA-C7DFE82FEDEB}.Debug|x86.Build.0 = Debug|Any CPU
		{121A9867-D5DA-4324-8CAA-C7DFE82FEDEB}.Release|Any CPU.ActiveCfg = Release|Any CPU
		{121A9867-D5DA-4324-8CAA-C7DFE82FEDEB}.Release|Any CPU.Build.0 = Release|Any CPU
		{121A9867-D5DA-4324-8CAA-C7DFE82FEDEB}.Release|x86.ActiveCfg = Release|Any CPU
		{121A9867-D5DA-4324-8CAA-C7DFE82FEDEB}.Release|x86.Build.0 = Release|Any CPU
		{4D15BD5A-1042-4246-AFA0-7962E9E1B840}.Debug|Any CPU.ActiveCfg = Debug|Any CPU
		{4D15BD5A-1042-4246-AFA0-7962E9E1B840}.Debug|Any CPU.Build.0 = Debug|Any CPU
		{4D15BD5A-1042-4246-AFA0-7962E9E1B840}.Debug|x86.ActiveCfg = Debug|Any CPU
		{4D15BD5A-1042-4246-AFA0-7962E9E1B840}.Release|Any CPU.ActiveCfg = Release|Any CPU
		{4D15BD5A-1042-4246-AFA0-7962E9E1B840}.Release|Any CPU.Build.0 = Release|Any CPU
		{4D15BD5A-1042-4246-AFA0-7962E9E1B840}.Release|x86.ActiveCfg = Release|Any CPU
		{B69729CE-4797-4706-8A2F-823ED24A0AEC}.Debug|Any CPU.ActiveCfg = Debug|Any CPU
		{B69729CE-4797-4706-8A2F-823ED24A0AEC}.Debug|Any CPU.Build.0 = Debug|Any CPU
		{B69729CE-4797-4706-8A2F-823ED24A0AEC}.Debug|x86.ActiveCfg = Debug|Any CPU
		{B69729CE-4797-4706-8A2F-823ED24A0AEC}.Release|Any CPU.ActiveCfg = Release|Any CPU
		{B69729CE-4797-4706-8A2F-823ED24A0AEC}.Release|Any CPU.Build.0 = Release|Any CPU
		{B69729CE-4797-4706-8A2F-823ED24A0AEC}.Release|x86.ActiveCfg = Release|Any CPU
		{AC8F9756-DCEB-4E50-B9AA-80FBAC93EAC5}.Debug|Any CPU.ActiveCfg = Debug|Any CPU
		{AC8F9756-DCEB-4E50-B9AA-80FBAC93EAC5}.Debug|Any CPU.Build.0 = Debug|Any CPU
		{AC8F9756-DCEB-4E50-B9AA-80FBAC93EAC5}.Debug|x86.ActiveCfg = Debug|Any CPU
		{AC8F9756-DCEB-4E50-B9AA-80FBAC93EAC5}.Debug|x86.Build.0 = Debug|Any CPU
		{AC8F9756-DCEB-4E50-B9AA-80FBAC93EAC5}.Release|Any CPU.ActiveCfg = Release|Any CPU
		{AC8F9756-DCEB-4E50-B9AA-80FBAC93EAC5}.Release|Any CPU.Build.0 = Release|Any CPU
		{AC8F9756-DCEB-4E50-B9AA-80FBAC93EAC5}.Release|x86.ActiveCfg = Release|Any CPU
		{AC8F9756-DCEB-4E50-B9AA-80FBAC93EAC5}.Release|x86.Build.0 = Release|Any CPU
	EndGlobalSection
	GlobalSection(SolutionProperties) = preSolution
		HideSolutionNode = FALSE
	EndGlobalSection
	GlobalSection(ExtensibilityGlobals) = postSolution
		SolutionGuid = {3E1AD3A3-A844-4E27-A4D8-0F4E25D9AF3C}
	EndGlobalSection
EndGlobal
